
Microsoft Visual Studio Solution File, Format Version 12.00
# Visual Studio Version 16
VisualStudioVersion = 16.0.30717.126
MinimumVisualStudioVersion = 10.0.40219.1
Project("{FAE04EC0-301F-11D3-BF4B-00C04F79EFBC}") = "The Cove", "The Cove\The Cove.csproj", "{FC7040E2-AFDC-4D95-83DF-70E7C3308B83}"
EndProject
Global
	GlobalSection(SolutionConfigurationPlatforms) = preSolution
		Debug|Any CPU = Debug|Any CPU
		Release|Any CPU = Release|Any CPU
	EndGlobalSection
	GlobalSection(ProjectConfigurationPlatforms) = postSolution
		{FC7040E2-AFDC-4D95-83DF-70E7C3308B83}.Debug|Any CPU.ActiveCfg = Debug|Any CPU
		{FC7040E2-AFDC-4D95-83DF-70E7C3308B83}.Debug|Any CPU.Build.0 = Debug|Any CPU
		{FC7040E2-AFDC-4D95-83DF-70E7C3308B83}.Release|Any CPU.ActiveCfg = Release|Any CPU
		{FC7040E2-AFDC-4D95-83DF-70E7C3308B83}.Release|Any CPU.Build.0 = Release|Any CPU
	EndGlobalSection
	GlobalSection(SolutionProperties) = preSolution
		HideSolutionNode = FALSE
	EndGlobalSection
	GlobalSection(ExtensibilityGlobals) = postSolution
		SolutionGuid = {53A4DE76-04AB-446F-BE1F-7E1F1779E3C4}
	EndGlobalSection
EndGlobal
